
Microsoft Visual Studio Solution File, Format Version 12.00
# Visual Studio 15
VisualStudioVersion = 15.0.27004.2005
MinimumVisualStudioVersion = 10.0.40219.1
Project("{FAE04EC0-301F-11D3-BF4B-00C04F79EFBC}") = "WcfSoapEnableEksternDLLAndCI", "WcfSoapEnableEksternDLLAndCI\WcfSoapEnableEksternDLLAndCI.csproj", "{A5CD8AC6-38C8-4CF4-B9FC-713ECB9E5731}"
EndProject
Global
	GlobalSection(SolutionConfigurationPlatforms) = preSolution
		Debug|Any CPU = Debug|Any CPU
		Release|Any CPU = Release|Any CPU
	EndGlobalSection
	GlobalSection(ProjectConfigurationPlatforms) = postSolution
		{A5CD8AC6-38C8-4CF4-B9FC-713ECB9E5731}.Debug|Any CPU.ActiveCfg = Debug|Any CPU
		{A5CD8AC6-38C8-4CF4-B9FC-713ECB9E5731}.Debug|Any CPU.Build.0 = Debug|Any CPU
		{A5CD8AC6-38C8-4CF4-B9FC-713ECB9E5731}.Release|Any CPU.ActiveCfg = Release|Any CPU
		{A5CD8AC6-38C8-4CF4-B9FC-713ECB9E5731}.Release|Any CPU.Build.0 = Release|Any CPU
	EndGlobalSection
	GlobalSection(SolutionProperties) = preSolution
		HideSolutionNode = FALSE
	EndGlobalSection
	GlobalSection(ExtensibilityGlobals) = postSolution
		SolutionGuid = {ED7E9EDB-1619-4E07-991E-F7AA2FEC5563}
	EndGlobalSection
EndGlobal
